// !$*UTF8*$!
{
	archiveVersion = 1;
	classes = {
	};
	objectVersion = 46;
	objects = {

/* Begin PBXBuildFile section */
		52DFA1FA19A96EE600CE8E58 /* Foundation.framework in Frameworks */ = {isa = PBXBuildFile; fileRef = 52DFA1F919A96EE600CE8E58 /* Foundation.framework */; };
		52DFA1FC19A96EE600CE8E58 /* CoreGraphics.framework in Frameworks */ = {isa = PBXBuildFile; fileRef = 52DFA1FB19A96EE600CE8E58 /* CoreGraphics.framework */; };
		52DFA1FE19A96EE600CE8E58 /* UIKit.framework in Frameworks */ = {isa = PBXBuildFile; fileRef = 52DFA1FD19A96EE600CE8E58 /* UIKit.framework */; };
		52DFA20419A96EE600CE8E58 /* InfoPlist.strings in Resources */ = {isa = PBXBuildFile; fileRef = 52DFA20219A96EE600CE8E58 /* InfoPlist.strings */; };
		52DFA20619A96EE600CE8E58 /* main.m in Sources */ = {isa = PBXBuildFile; fileRef = 52DFA20519A96EE600CE8E58 /* main.m */; };
		52DFA20A19A96EE600CE8E58 /* JOAppDelegate.m in Sources */ = {isa = PBXBuildFile; fileRef = 52DFA20919A96EE600CE8E58 /* JOAppDelegate.m */; };
		52DFA20D19A96EE600CE8E58 /* Main.storyboard in Resources */ = {isa = PBXBuildFile; fileRef = 52DFA20B19A96EE600CE8E58 /* Main.storyboard */; };
		52DFA21219A96EE600CE8E58 /* Images.xcassets in Resources */ = {isa = PBXBuildFile; fileRef = 52DFA21119A96EE600CE8E58 /* Images.xcassets */; };
		52DFA21919A96EE600CE8E58 /* XCTest.framework in Frameworks */ = {isa = PBXBuildFile; fileRef = 52DFA21819A96EE600CE8E58 /* XCTest.framework */; };
		52DFA21A19A96EE600CE8E58 /* Foundation.framework in Frameworks */ = {isa = PBXBuildFile; fileRef = 52DFA1F919A96EE600CE8E58 /* Foundation.framework */; };
		52DFA21B19A96EE600CE8E58 /* UIKit.framework in Frameworks */ = {isa = PBXBuildFile; fileRef = 52DFA1FD19A96EE600CE8E58 /* UIKit.framework */; };
		52DFA22319A96EE600CE8E58 /* InfoPlist.strings in Resources */ = {isa = PBXBuildFile; fileRef = 52DFA22119A96EE600CE8E58 /* InfoPlist.strings */; };
		52DFA22519A96EE600CE8E58 /* UITableViewController_Challenge_SolutionTests.m in Sources */ = {isa = PBXBuildFile; fileRef = 52DFA22419A96EE600CE8E58 /* UITableViewController_Challenge_SolutionTests.m */; };
		52DFA23019A9700200CE8E58 /* JOUITableViewController.m in Sources */ = {isa = PBXBuildFile; fileRef = 52DFA22F19A9700200CE8E58 /* JOUITableViewController.m */; };
/* End PBXBuildFile section */

/* Begin PBXContainerItemProxy section */
		52DFA21C19A96EE600CE8E58 /* PBXContainerItemProxy */ = {
			isa = PBXContainerItemProxy;
			containerPortal = 52DFA1EE19A96EE600CE8E58 /* Project object */;
			proxyType = 1;
			remoteGlobalIDString = 52DFA1F519A96EE600CE8E58;
			remoteInfo = "UITableViewController Challenge Solution";
		};
/* End PBXContainerItemProxy section */

/* Begin PBXFileReference section */
		52DFA1F619A96EE600CE8E58 /* UITableViewController Challenge Solution.app */ = {isa = PBXFileReference; explicitFileType = wrapper.application; includeInIndex = 0; path = "UITableViewController Challenge Solution.app"; sourceTree = BUILT_PRODUCTS_DIR; };
		52DFA1F919A96EE600CE8E58 /* Foundation.framework */ = {isa = PBXFileReference; lastKnownFileType = wrapper.framework; name = Foundation.framework; path = System/Library/Frameworks/Foundation.framework; sourceTree = SDKROOT; };
		52DFA1FB19A96EE600CE8E58 /* CoreGraphics.framework */ = {isa = PBXFileReference; lastKnownFileType = wrapper.framework; name = CoreGraphics.framework; path = System/Library/Frameworks/CoreGraphics.framework; sourceTree = SDKROOT; };
		52DFA1FD19A96EE600CE8E58 /* UIKit.framework */ = {isa = PBXFileReference; lastKnownFileType = wrapper.framework; name = UIKit.framework; path = System/Library/Frameworks/UIKit.framework; sourceTree = SDKROOT; };
		52DFA20119A96EE600CE8E58 /* UITableViewController Challenge Solution-Info.plist */ = {isa = PBXFileReference; lastKnownFileType = text.plist.xml; path = "UITableViewController Challenge Solution-Info.plist"; sourceTree = "<group>"; };
		52DFA20319A96EE600CE8E58 /* en */ = {isa = PBXFileReference; lastKnownFileType = text.plist.strings; name = en; path = en.lproj/InfoPlist.strings; sourceTree = "<group>"; };
		52DFA20519A96EE600CE8E58 /* main.m */ = {isa = PBXFileReference; lastKnownFileType = sourcecode.c.objc; path = main.m; sourceTree = "<group>"; };
		52DFA20719A96EE600CE8E58 /* UITableViewController Challenge Solution-Prefix.pch */ = {isa = PBXFileReference; lastKnownFileType = sourcecode.c.h; path = "UITableViewController Challenge Solution-Prefix.pch"; sourceTree = "<group>"; };
		52DFA20819A96EE600CE8E58 /* JOAppDelegate.h */ = {isa = PBXFileReference; lastKnownFileType = sourcecode.c.h; path = JOAppDelegate.h; sourceTree = "<group>"; };
		52DFA20919A96EE600CE8E58 /* JOAppDelegate.m */ = {isa = PBXFileReference; lastKnownFileType = sourcecode.c.objc; path = JOAppDelegate.m; sourceTree = "<group>"; };
		52DFA20C19A96EE600CE8E58 /* Base */ = {isa = PBXFileReference; lastKnownFileType = file.storyboard; name = Base; path = Base.lproj/Main.storyboard; sourceTree = "<group>"; };
		52DFA21119A96EE600CE8E58 /* Images.xcassets */ = {isa = PBXFileReference; lastKnownFileType = folder.assetcatalog; path = Images.xcassets; sourceTree = "<group>"; };
		52DFA21719A96EE600CE8E58 /* UITableViewController Challenge SolutionTests.xctest */ = {isa = PBXFileReference; explicitFileType = wrapper.cfbundle; includeInIndex = 0; path = "UITableViewController Challenge SolutionTests.xctest"; sourceTree = BUILT_PRODUCTS_DIR; };
		52DFA21819A96EE600CE8E58 /* XCTest.framework */ = {isa = PBXFileReference; lastKnownFileType = wrapper.framework; name = XCTest.framework; path = Library/Frameworks/XCTest.framework; sourceTree = DEVELOPER_DIR; };
		52DFA22019A96EE600CE8E58 /* UITableViewController Challenge SolutionTests-Info.plist */ = {isa = PBXFileReference; lastKnownFileType = text.plist.xml; path = "UITableViewController Challenge SolutionTests-Info.plist"; sourceTree = "<group>"; };
		52DFA22219A96EE600CE8E58 /* en */ = {isa = PBXFileReference; lastKnownFileType = text.plist.strings; name = en; path = en.lproj/InfoPlist.strings; sourceTree = "<group>"; };
		52DFA22419A96EE600CE8E58 /* UITableViewController_Challenge_SolutionTests.m */ = {isa = PBXFileReference; lastKnownFileType = sourcecode.c.objc; path = UITableViewController_Challenge_SolutionTests.m; sourceTree = "<group>"; };
		52DFA22E19A9700200CE8E58 /* JOUITableViewController.h */ = {isa = PBXFileReference; fileEncoding = 4; lastKnownFileType = sourcecode.c.h; path = JOUITableViewController.h; sourceTree = "<group>"; };
		52DFA22F19A9700200CE8E58 /* JOUITableViewController.m */ = {isa = PBXFileReference; fileEncoding = 4; lastKnownFileType = sourcecode.c.objc; path = JOUITableViewController.m; sourceTree = "<group>"; };
/* End PBXFileReference section */

/* Begin PBXFrameworksBuildPhase section */
		52DFA1F319A96EE600CE8E58 /* Frameworks */ = {
			isa = PBXFrameworksBuildPhase;
			buildActionMask = 2147483647;
			files = (
				52DFA1FC19A96EE600CE8E58 /* CoreGraphics.framework in Frameworks */,
				52DFA1FE19A96EE600CE8E58 /* UIKit.framework in Frameworks */,
				52DFA1FA19A96EE600CE8E58 /* Foundation.framework in Frameworks */,
			);
			runOnlyForDeploymentPostprocessing = 0;
		};
		52DFA21419A96EE600CE8E58 /* Frameworks */ = {
			isa = PBXFrameworksBuildPhase;
			buildActionMask = 2147483647;
			files = (
				52DFA21919A96EE600CE8E58 /* XCTest.framework in Frameworks */,
				52DFA21B19A96EE600CE8E58 /* UIKit.framework in Frameworks */,
				52DFA21A19A96EE600CE8E58 /* Foundation.framework in Frameworks */,
			);
			runOnlyForDeploymentPostprocessing = 0;
		};
/* End PBXFrameworksBuildPhase section */

/* Begin PBXGroup section */
		52DFA1ED19A96EE600CE8E58 = {
			isa = PBXGroup;
			children = (
				52DFA1FF19A96EE600CE8E58 /* UITableViewController Challenge Solution */,
				52DFA21E19A96EE600CE8E58 /* UITableViewController Challenge SolutionTests */,
				52DFA1F819A96EE600CE8E58 /* Frameworks */,
				52DFA1F719A96EE600CE8E58 /* Products */,
			);
			sourceTree = "<group>";
		};
		52DFA1F719A96EE600CE8E58 /* Products */ = {
			isa = PBXGroup;
			children = (
				52DFA1F619A96EE600CE8E58 /* UITableViewController Challenge Solution.app */,
				52DFA21719A96EE600CE8E58 /* UITableViewController Challenge SolutionTests.xctest */,
			);
			name = Products;
			sourceTree = "<group>";
		};
		52DFA1F819A96EE600CE8E58 /* Frameworks */ = {
			isa = PBXGroup;
			children = (
				52DFA1F919A96EE600CE8E58 /* Foundation.framework */,
				52DFA1FB19A96EE600CE8E58 /* CoreGraphics.framework */,
				52DFA1FD19A96EE600CE8E58 /* UIKit.framework */,
				52DFA21819A96EE600CE8E58 /* XCTest.framework */,
			);
			name = Frameworks;
			sourceTree = "<group>";
		};
		52DFA1FF19A96EE600CE8E58 /* UITableViewController Challenge Solution */ = {
			isa = PBXGroup;
			children = (
				52DFA20819A96EE600CE8E58 /* JOAppDelegate.h */,
				52DFA20919A96EE600CE8E58 /* JOAppDelegate.m */,
				52DFA20B19A96EE600CE8E58 /* Main.storyboard */,
				52DFA22E19A9700200CE8E58 /* JOUITableViewController.h */,
				52DFA22F19A9700200CE8E58 /* JOUITableViewController.m */,
				52DFA21119A96EE600CE8E58 /* Images.xcassets */,
				52DFA20019A96EE600CE8E58 /* Supporting Files */,
			);
			path = "UITableViewController Challenge Solution";
			sourceTree = "<group>";
		};
		52DFA20019A96EE600CE8E58 /* Supporting Files */ = {
			isa = PBXGroup;
			children = (
				52DFA20119A96EE600CE8E58 /* UITableViewController Challenge Solution-Info.plist */,
				52DFA20219A96EE600CE8E58 /* InfoPlist.strings */,
				52DFA20519A96EE600CE8E58 /* main.m */,
				52DFA20719A96EE600CE8E58 /* UITableViewController Challenge Solution-Prefix.pch */,
			);
			name = "Supporting Files";
			sourceTree = "<group>";
		};
		52DFA21E19A96EE600CE8E58 /* UITableViewController Challenge SolutionTests */ = {
			isa = PBXGroup;
			children = (
				52DFA22419A96EE600CE8E58 /* UITableViewController_Challenge_SolutionTests.m */,
				52DFA21F19A96EE600CE8E58 /* Supporting Files */,
			);
			path = "UITableViewController Challenge SolutionTests";
			sourceTree = "<group>";
		};
		52DFA21F19A96EE600CE8E58 /* Supporting Files */ = {
			isa = PBXGroup;
			children = (
				52DFA22019A96EE600CE8E58 /* UITableViewController Challenge SolutionTests-Info.plist */,
				52DFA22119A96EE600CE8E58 /* InfoPlist.strings */,
			);
			name = "Supporting Files";
			sourceTree = "<group>";
		};
/* End PBXGroup section */

/* Begin PBXNativeTarget section */
		52DFA1F519A96EE600CE8E58 /* UITableViewController Challenge Solution */ = {
			isa = PBXNativeTarget;
			buildConfigurationList = 52DFA22819A96EE600CE8E58 /* Build configuration list for PBXNativeTarget "UITableViewController Challenge Solution" */;
			buildPhases = (
				52DFA1F219A96EE600CE8E58 /* Sources */,
				52DFA1F319A96EE600CE8E58 /* Frameworks */,
				52DFA1F419A96EE600CE8E58 /* Resources */,
			);
			buildRules = (
			);
			dependencies = (
			);
			name = "UITableViewController Challenge Solution";
			productName = "UITableViewController Challenge Solution";
			productReference = 52DFA1F619A96EE600CE8E58 /* UITableViewController Challenge Solution.app */;
			productType = "com.apple.product-type.application";
		};
		52DFA21619A96EE600CE8E58 /* UITableViewController Challenge SolutionTests */ = {
			isa = PBXNativeTarget;
			buildConfigurationList = 52DFA22B19A96EE600CE8E58 /* Build configuration list for PBXNativeTarget "UITableViewController Challenge SolutionTests" */;
			buildPhases = (
				52DFA21319A96EE600CE8E58 /* Sources */,
				52DFA21419A96EE600CE8E58 /* Frameworks */,
				52DFA21519A96EE600CE8E58 /* Resources */,
			);
			buildRules = (
			);
			dependencies = (
				52DFA21D19A96EE600CE8E58 /* PBXTargetDependency */,
			);
			name = "UITableViewController Challenge SolutionTests";
			productName = "UITableViewController Challenge SolutionTests";
			productReference = 52DFA21719A96EE600CE8E58 /* UITableViewController Challenge SolutionTests.xctest */;
			productType = "com.apple.product-type.bundle.unit-test";
		};
/* End PBXNativeTarget section */

/* Begin PBXProject section */
		52DFA1EE19A96EE600CE8E58 /* Project object */ = {
			isa = PBXProject;
			attributes = {
				CLASSPREFIX = JO;
				LastUpgradeCheck = 0510;
				ORGANIZATIONNAME = "John O'Connell";
				TargetAttributes = {
					52DFA21619A96EE600CE8E58 = {
						TestTargetID = 52DFA1F519A96EE600CE8E58;
					};
				};
			};
			buildConfigurationList = 52DFA1F119A96EE600CE8E58 /* Build configuration list for PBXProject "UITableViewController Challenge Solution" */;
			compatibilityVersion = "Xcode 3.2";
			developmentRegion = English;
			hasScannedForEncodings = 0;
			knownRegions = (
				en,
				Base,
			);
			mainGroup = 52DFA1ED19A96EE600CE8E58;
			productRefGroup = 52DFA1F719A96EE600CE8E58 /* Products */;
			projectDirPath = "";
			projectRoot = "";
			targets = (
				52DFA1F519A96EE600CE8E58 /* UITableViewController Challenge Solution */,
				52DFA21619A96EE600CE8E58 /* UITableViewController Challenge SolutionTests */,
			);
		};
/* End PBXProject section */

/* Begin PBXResourcesBuildPhase section */
		52DFA1F419A96EE600CE8E58 /* Resources */ = {
			isa = PBXResourcesBuildPhase;
			buildActionMask = 2147483647;
			files = (
				52DFA21219A96EE600CE8E58 /* Images.xcassets in Resources */,
				52DFA20419A96EE600CE8E58 /* InfoPlist.strings in Resources */,
				52DFA20D19A96EE600CE8E58 /* Main.storyboard in Resources */,
			);
			runOnlyForDeploymentPostprocessing = 0;
		};
		52DFA21519A96EE600CE8E58 /* Resources */ = {
			isa = PBXResourcesBuildPhase;
			buildActionMask = 2147483647;
			files = (
				52DFA22319A96EE600CE8E58 /* InfoPlist.strings in Resources */,
			);
			runOnlyForDeploymentPostprocessing = 0;
		};
/* End PBXResourcesBuildPhase section */

/* Begin PBXSourcesBuildPhase section */
		52DFA1F219A96EE600CE8E58 /* Sources */ = {
			isa = PBXSourcesBuildPhase;
			buildActionMask = 2147483647;
			files = (
				52DFA23019A9700200CE8E58 /* JOUITableViewController.m in Sources */,
				52DFA20619A96EE600CE8E58 /* main.m in Sources */,
				52DFA20A19A96EE600CE8E58 /* JOAppDelegate.m in Sources */,
			);
			runOnlyForDeploymentPostprocessing = 0;
		};
		52DFA21319A96EE600CE8E58 /* Sources */ = {
			isa = PBXSourcesBuildPhase;
			buildActionMask = 2147483647;
			files = (
				52DFA22519A96EE600CE8E58 /* UITableViewController_Challenge_SolutionTests.m in Sources */,
			);
			runOnlyForDeploymentPostprocessing = 0;
		};
/* End PBXSourcesBuildPhase section */

/* Begin PBXTargetDependency section */
		52DFA21D19A96EE600CE8E58 /* PBXTargetDependency */ = {
			isa = PBXTargetDependency;
			target = 52DFA1F519A96EE600CE8E58 /* UITableViewController Challenge Solution */;
			targetProxy = 52DFA21C19A96EE600CE8E58 /* PBXContainerItemProxy */;
		};
/* End PBXTargetDependency section */

/* Begin PBXVariantGroup section */
		52DFA20219A96EE600CE8E58 /* InfoPlist.strings */ = {
			isa = PBXVariantGroup;
			children = (
				52DFA20319A96EE600CE8E58 /* en */,
			);
			name = InfoPlist.strings;
			sourceTree = "<group>";
		};
		52DFA20B19A96EE600CE8E58 /* Main.storyboard */ = {
			isa = PBXVariantGroup;
			children = (
				52DFA20C19A96EE600CE8E58 /* Base */,
			);
			name = Main.storyboard;
			sourceTree = "<group>";
		};
		52DFA22119A96EE600CE8E58 /* InfoPlist.strings */ = {
			isa = PBXVariantGroup;
			children = (
				52DFA22219A96EE600CE8E58 /* en */,
			);
			name = InfoPlist.strings;
			sourceTree = "<group>";
		};
/* End PBXVariantGroup section */

/* Begin XCBuildConfiguration section */
		52DFA22619A96EE600CE8E58 /* Debug */ = {
			isa = XCBuildConfiguration;
			buildSettings = {
				ALWAYS_SEARCH_USER_PATHS = NO;
				CLANG_CXX_LANGUAGE_STANDARD = "gnu++0x";
				CLANG_CXX_LIBRARY = "libc++";
				CLANG_ENABLE_MODULES = YES;
				CLANG_ENABLE_OBJC_ARC = YES;
				CLANG_WARN_BOOL_CONVERSION = YES;
				CLANG_WARN_CONSTANT_CONVERSION = YES;
				CLANG_WARN_DIRECT_OBJC_ISA_USAGE = YES_ERROR;
				CLANG_WARN_EMPTY_BODY = YES;
				CLANG_WARN_ENUM_CONVERSION = YES;
				CLANG_WARN_INT_CONVERSION = YES;
				CLANG_WARN_OBJC_ROOT_CLASS = YES_ERROR;
				CLANG_WARN__DUPLICATE_METHOD_MATCH = YES;
				"CODE_SIGN_IDENTITY[sdk=iphoneos*]" = "iPhone Developer";
				COPY_PHASE_STRIP = NO;
				GCC_C_LANGUAGE_STANDARD = gnu99;
				GCC_DYNAMIC_NO_PIC = NO;
				GCC_OPTIMIZATION_LEVEL = 0;
				GCC_PREPROCESSOR_DEFINITIONS = (
					"DEBUG=1",
					"$(inherited)",
				);
				GCC_SYMBOLS_PRIVATE_EXTERN = NO;
				GCC_WARN_64_TO_32_BIT_CONVERSION = YES;
				GCC_WARN_ABOUT_RETURN_TYPE = YES_ERROR;
				GCC_WARN_UNDECLARED_SELECTOR = YES;
				GCC_WARN_UNINITIALIZED_AUTOS = YES_AGGRESSIVE;
				GCC_WARN_UNUSED_FUNCTION = YES;
				GCC_WARN_UNUSED_VARIABLE = YES;
				IPHONEOS_DEPLOYMENT_TARGET = 7.1;
				ONLY_ACTIVE_ARCH = YES;
				SDKROOT = iphoneos;
			};
			name = Debug;
		};
		52DFA22719A96EE600CE8E58 /* Release */ = {
			isa = XCBuildConfiguration;
			buildSettings = {
				ALWAYS_SEARCH_USER_PATHS = NO;
				CLANG_CXX_LANGUAGE_STANDARD = "gnu++0x";
				CLANG_CXX_LIBRARY = "libc++";
				CLANG_ENABLE_MODULES = YES;
				CLANG_ENABLE_OBJC_ARC = YES;
				CLANG_WARN_BOOL_CONVERSION = YES;
				CLANG_WARN_CONSTANT_CONVERSION = YES;
				CLANG_WARN_DIRECT_OBJC_ISA_USAGE = YES_ERROR;
				CLANG_WARN_EMPTY_BODY = YES;
				CLANG_WARN_ENUM_CONVERSION = YES;
				CLANG_WARN_INT_CONVERSION = YES;
				CLANG_WARN_OBJC_ROOT_CLASS = YES_ERROR;
				CLANG_WARN__DUPLICATE_METHOD_MATCH = YES;
				"CODE_SIGN_IDENTITY[sdk=iphoneos*]" = "iPhone Developer";
				COPY_PHASE_STRIP = YES;
				ENABLE_NS_ASSERTIONS = NO;
				GCC_C_LANGUAGE_STANDARD = gnu99;
				GCC_WARN_64_TO_32_BIT_CONVERSION = YES;
				GCC_WARN_ABOUT_RETURN_TYPE = YES_ERROR;
				GCC_WARN_UNDECLARED_SELECTOR = YES;
				GCC_WARN_UNINITIALIZED_AUTOS = YES_AGGRESSIVE;
				GCC_WARN_UNUSED_FUNCTION = YES;
				GCC_WARN_UNUSED_VARIABLE = YES;
				IPHONEOS_DEPLOYMENT_TARGET = 7.1;
				SDKROOT = iphoneos;
				VALIDATE_PRODUCT = YES;
			};
			name = Release;
		};
		52DFA22919A96EE600CE8E58 /* Debug */ = {
			isa = XCBuildConfiguration;
			buildSettings = {
				ASSETCATALOG_COMPILER_APPICON_NAME = AppIcon;
				ASSETCATALOG_COMPILER_LAUNCHIMAGE_NAME = LaunchImage;
				GCC_PRECOMPILE_PREFIX_HEADER = YES;
				GCC_PREFIX_HEADER = "UITableViewController Challenge Solution/UITableViewController Challenge Solution-Prefix.pch";
				INFOPLIST_FILE = "UITableViewController Challenge Solution/UITableViewController Challenge Solution-Info.plist";
				PRODUCT_NAME = "$(TARGET_NAME)";
				WRAPPER_EXTENSION = app;
			};
			name = Debug;
		};
		52DFA22A19A96EE600CE8E58 /* Release */ = {
			isa = XCBuildConfiguration;
			buildSettings = {
				ASSETCATALOG_COMPILER_APPICON_NAME = AppIcon;
				ASSETCATALOG_COMPILER_LAUNCHIMAGE_NAME = LaunchImage;
				GCC_PRECOMPILE_PREFIX_HEADER = YES;
				GCC_PREFIX_HEADER = "UITableViewController Challenge Solution/UITableViewController Challenge Solution-Prefix.pch";
				INFOPLIST_FILE = "UITableViewController Challenge Solution/UITableViewController Challenge Solution-Info.plist";
				PRODUCT_NAME = "$(TARGET_NAME)";
				WRAPPER_EXTENSION = app;
			};
			name = Release;
		};
		52DFA22C19A96EE600CE8E58 /* Debug */ = {
			isa = XCBuildConfiguration;
			buildSettings = {
				BUNDLE_LOADER = "$(BUILT_PRODUCTS_DIR)/UITableViewController Challenge Solution.app/UITableViewController Challenge Solution";
				FRAMEWORK_SEARCH_PATHS = (
					"$(SDKROOT)/Developer/Library/Frameworks",
					"$(inherited)",
					"$(DEVELOPER_FRAMEWORKS_DIR)",
				);
				GCC_PRECOMPILE_PREFIX_HEADER = YES;
				GCC_PREFIX_HEADER = "UITableViewController Challenge Solution/UITableViewController Challenge Solution-Prefix.pch";
				GCC_PREPROCESSOR_DEFINITIONS = (
					"DEBUG=1",
					"$(inherited)",
				);
				INFOPLIST_FILE = "UITableViewController Challenge SolutionTests/UITableViewController Challenge SolutionTests-Info.plist";
				PRODUCT_NAME = "$(TARGET_NAME)";
				TEST_HOST = "$(BUNDLE_LOADER)";
				WRAPPER_EXTENSION = xctest;
			};
			name = Debug;
		};
		52DFA22D19A96EE600CE8E58 /* Release */ = {
			isa = XCBuildConfiguration;
			buildSettings = {
				BUNDLE_LOADER = "$(BUILT_PRODUCTS_DIR)/UITableViewController Challenge Solution.app/UITableViewController Challenge Solution";
				FRAMEWORK_SEARCH_PATHS = (
					"$(SDKROOT)/Developer/Library/Frameworks",
					"$(inherited)",
					"$(DEVELOPER_FRAMEWORKS_DIR)",
				);
				GCC_PRECOMPILE_PREFIX_HEADER = YES;
				GCC_PREFIX_HEADER = "UITableViewController Challenge Solution/UITableViewController Challenge Solution-Prefix.pch";
				INFOPLIST_FILE = "UITableViewController Challenge SolutionTests/UITableViewController Challenge SolutionTests-Info.plist";
				PRODUCT_NAME = "$(TARGET_NAME)";
				TEST_HOST = "$(BUNDLE_LOADER)";
				WRAPPER_EXTENSION = xctest;
			};
			name = Release;
		};
/* End XCBuildConfiguration section */

/* Begin XCConfigurationList section */
		52DFA1F119A96EE600CE8E58 /* Build configuration list for PBXProject "UITableViewController Challenge Solution" */ = {
			isa = XCConfigurationList;
			buildConfigurations = (
				52DFA22619A96EE600CE8E58 /* Debug */,
				52DFA22719A96EE600CE8E58 /* Release */,
			);
			defaultConfigurationIsVisible = 0;
			defaultConfigurationName = Release;
		};
		52DFA22819A96EE600CE8E58 /* Build configuration list for PBXNativeTarget "UITableViewController Challenge Solution" */ = {
			isa = XCConfigurationList;
			buildConfigurations = (
				52DFA22919A96EE600CE8E58 /* Debug */,
				52DFA22A19A96EE600CE8E58 /* Release */,
			);
			defaultConfigurationIsVisible = 0;
		};
		52DFA22B19A96EE600CE8E58 /* Build configuration list for PBXNativeTarget "UITableViewController Challenge SolutionTests" */ = {
			isa = XCConfigurationList;
			buildConfigurations = (
				52DFA22C19A96EE600CE8E58 /* Debug */,
				52DFA22D19A96EE600CE8E58 /* Release */,
			);
			defaultConfigurationIsVisible = 0;
		};
/* End XCConfigurationList section */
	};
	rootObject = 52DFA1EE19A96EE600CE8E58 /* Project object */;
}
